// !$*UTF8*$!
{
	archiveVersion = 1;
	classes = {
	};
	objectVersion = 50;
	objects = {

/* Begin PBXBuildFile section */
		1C2DE8C225C5A45200A528B2 /* AppDelegate.swift in Sources */ = {isa = PBXBuildFile; fileRef = 1C2DE8C125C5A45200A528B2 /* AppDelegate.swift */; };
		1C2DE8C425C5A45200A528B2 /* SceneDelegate.swift in Sources */ = {isa = PBXBuildFile; fileRef = 1C2DE8C325C5A45200A528B2 /* SceneDelegate.swift */; };
		1C2DE8C625C5A45200A528B2 /* QRScannerController.swift in Sources */ = {isa = PBXBuildFile; fileRef = 1C2DE8C525C5A45200A528B2 /* QRScannerController.swift */; };
		1C2DE8C925C5A45200A528B2 /* Main.storyboard in Resources */ = {isa = PBXBuildFile; fileRef = 1C2DE8C725C5A45200A528B2 /* Main.storyboard */; };
		1C2DE8CE25C5A45300A528B2 /* Assets.xcassets in Resources */ = {isa = PBXBuildFile; fileRef = 1C2DE8CD25C5A45300A528B2 /* Assets.xcassets */; };
		1C2DE8D125C5A45300A528B2 /* LaunchScreen.storyboard in Resources */ = {isa = PBXBuildFile; fileRef = 1C2DE8CF25C5A45300A528B2 /* LaunchScreen.storyboard */; };
		1C2DE8DC25C5A45300A528B2 /* QR_Code_Scanner___Barcode_ReaderTests.swift in Sources */ = {isa = PBXBuildFile; fileRef = 1C2DE8DB25C5A45300A528B2 /* QR_Code_Scanner___Barcode_ReaderTests.swift */; };
		1C2DE8E725C5A45300A528B2 /* QR_Code_Scanner___Barcode_ReaderUITests.swift in Sources */ = {isa = PBXBuildFile; fileRef = 1C2DE8E625C5A45300A528B2 /* QR_Code_Scanner___Barcode_ReaderUITests.swift */; };
		1C2DE8F825C5AC0800A528B2 /* Extensions+UIView.swift in Sources */ = {isa = PBXBuildFile; fileRef = 1C2DE8F725C5AC0800A528B2 /* Extensions+UIView.swift */; };
		1C5BFE6725D04A5400C70898 /* OutputTextController.swift in Sources */ = {isa = PBXBuildFile; fileRef = 1C5BFE6625D04A5400C70898 /* OutputTextController.swift */; };
		1C5BFE6C25D04ABA00C70898 /* OutputTextView.swift in Sources */ = {isa = PBXBuildFile; fileRef = 1C5BFE6B25D04ABA00C70898 /* OutputTextView.swift */; };
		1C7B7C8C25D9CF8E00386035 /* HistoryController.swift in Sources */ = {isa = PBXBuildFile; fileRef = 1C7B7C8B25D9CF8E00386035 /* HistoryController.swift */; };
		1C7B7C9425D9D09300386035 /* BackButtonHeader.swift in Sources */ = {isa = PBXBuildFile; fileRef = 1C7B7C9325D9D09300386035 /* BackButtonHeader.swift */; };
		1C99428425E05A1900440BDD /* CoreData.framework in Frameworks */ = {isa = PBXBuildFile; fileRef = 1C99428325E05A1900440BDD /* CoreData.framework */; };
		1C9C723825E1D9A300CF802D /* Extensions+Controller.swift in Sources */ = {isa = PBXBuildFile; fileRef = 1C9C723725E1D9A300CF802D /* Extensions+Controller.swift */; };
		1CCAF2E825DD683A00E9A34E /* HistoryCell.swift in Sources */ = {isa = PBXBuildFile; fileRef = 1CCAF2E725DD683A00E9A34E /* HistoryCell.swift */; };
		1CED297025D58D370086ED46 /* CustomBar.swift in Sources */ = {isa = PBXBuildFile; fileRef = 1CED296F25D58D370086ED46 /* CustomBar.swift */; };
		1CED297825D5AC4C0086ED46 /* ScanView.swift in Sources */ = {isa = PBXBuildFile; fileRef = 1CED297725D5AC4C0086ED46 /* ScanView.swift */; };
		1CF331E125E05E76008A43A6 /* MetadataOutput.xcdatamodeld in Sources */ = {isa = PBXBuildFile; fileRef = 1CF331DF25E05E76008A43A6 /* MetadataOutput.xcdatamodeld */; };
		1CF331E625E05FC5008A43A6 /* Extensions+NSDate.swift in Sources */ = {isa = PBXBuildFile; fileRef = 1CF331E525E05FC5008A43A6 /* Extensions+NSDate.swift */; };
/* End PBXBuildFile section */

/* Begin PBXContainerItemProxy section */
		1C2DE8D825C5A45300A528B2 /* PBXContainerItemProxy */ = {
			isa = PBXContainerItemProxy;
			containerPortal = 1C2DE8B625C5A45200A528B2 /* Project object */;
			proxyType = 1;
			remoteGlobalIDString = 1C2DE8BD25C5A45200A528B2;
			remoteInfo = "QR Code Scanner & Barcode Reader";
		};
		1C2DE8E325C5A45300A528B2 /* PBXContainerItemProxy */ = {
			isa = PBXContainerItemProxy;
			containerPortal = 1C2DE8B625C5A45200A528B2 /* Project object */;
			proxyType = 1;
			remoteGlobalIDString = 1C2DE8BD25C5A45200A528B2;
			remoteInfo = "QR Code Scanner & Barcode Reader";
		};
/* End PBXContainerItemProxy section */

/* Begin PBXFileReference section */
		1C2DE8BE25C5A45200A528B2 /* QR Code Scanner & Barcode Reader.app */ = {isa = PBXFileReference; explicitFileType = wrapper.application; includeInIndex = 0; path = "QR Code Scanner & Barcode Reader.app"; sourceTree = BUILT_PRODUCTS_DIR; };
		1C2DE8C125C5A45200A528B2 /* AppDelegate.swift */ = {isa = PBXFileReference; lastKnownFileType = sourcecode.swift; path = AppDelegate.swift; sourceTree = "<group>"; };
		1C2DE8C325C5A45200A528B2 /* SceneDelegate.swift */ = {isa = PBXFileReference; lastKnownFileType = sourcecode.swift; path = SceneDelegate.swift; sourceTree = "<group>"; };
		1C2DE8C525C5A45200A528B2 /* QRScannerController.swift */ = {isa = PBXFileReference; lastKnownFileType = sourcecode.swift; path = QRScannerController.swift; sourceTree = "<group>"; };
		1C2DE8C825C5A45200A528B2 /* Base */ = {isa = PBXFileReference; lastKnownFileType = file.storyboard; name = Base; path = Base.lproj/Main.storyboard; sourceTree = "<group>"; };
		1C2DE8CD25C5A45300A528B2 /* Assets.xcassets */ = {isa = PBXFileReference; lastKnownFileType = folder.assetcatalog; path = Assets.xcassets; sourceTree = "<group>"; };
		1C2DE8D025C5A45300A528B2 /* Base */ = {isa = PBXFileReference; lastKnownFileType = file.storyboard; name = Base; path = Base.lproj/LaunchScreen.storyboard; sourceTree = "<group>"; };
		1C2DE8D225C5A45300A528B2 /* Info.plist */ = {isa = PBXFileReference; lastKnownFileType = text.plist.xml; path = Info.plist; sourceTree = "<group>"; };
		1C2DE8D725C5A45300A528B2 /* QR Code Scanner & Barcode ReaderTests.xctest */ = {isa = PBXFileReference; explicitFileType = wrapper.cfbundle; includeInIndex = 0; path = "QR Code Scanner & Barcode ReaderTests.xctest"; sourceTree = BUILT_PRODUCTS_DIR; };
		1C2DE8DB25C5A45300A528B2 /* QR_Code_Scanner___Barcode_ReaderTests.swift */ = {isa = PBXFileReference; lastKnownFileType = sourcecode.swift; path = "QR_Code_Scanner___Barcode_ReaderTests.swift"; sourceTree = "<group>"; };
		1C2DE8DD25C5A45300A528B2 /* Info.plist */ = {isa = PBXFileReference; lastKnownFileType = text.plist.xml; path = Info.plist; sourceTree = "<group>"; };
		1C2DE8E225C5A45300A528B2 /* QR Code Scanner & Barcode ReaderUITests.xctest */ = {isa = PBXFileReference; explicitFileType = wrapper.cfbundle; includeInIndex = 0; path = "QR Code Scanner & Barcode ReaderUITests.xctest"; sourceTree = BUILT_PRODUCTS_DIR; };
		1C2DE8E625C5A45300A528B2 /* QR_Code_Scanner___Barcode_ReaderUITests.swift */ = {isa = PBXFileReference; lastKnownFileType = sourcecode.swift; path = "QR_Code_Scanner___Barcode_ReaderUITests.swift"; sourceTree = "<group>"; };
		1C2DE8E825C5A45300A528B2 /* Info.plist */ = {isa = PBXFileReference; lastKnownFileType = text.plist.xml; path = Info.plist; sourceTree = "<group>"; };
		1C2DE8F725C5AC0800A528B2 /* Extensions+UIView.swift */ = {isa = PBXFileReference; lastKnownFileType = sourcecode.swift; path = "Extensions+UIView.swift"; sourceTree = "<group>"; };
		1C5BFE6625D04A5400C70898 /* OutputTextController.swift */ = {isa = PBXFileReference; lastKnownFileType = sourcecode.swift; path = OutputTextController.swift; sourceTree = "<group>"; };
		1C5BFE6B25D04ABA00C70898 /* OutputTextView.swift */ = {isa = PBXFileReference; lastKnownFileType = sourcecode.swift; path = OutputTextView.swift; sourceTree = "<group>"; };
		1C7B7C8B25D9CF8E00386035 /* HistoryController.swift */ = {isa = PBXFileReference; lastKnownFileType = sourcecode.swift; path = HistoryController.swift; sourceTree = "<group>"; };
		1C7B7C9325D9D09300386035 /* BackButtonHeader.swift */ = {isa = PBXFileReference; lastKnownFileType = sourcecode.swift; path = BackButtonHeader.swift; sourceTree = "<group>"; };
		1C99428325E05A1900440BDD /* CoreData.framework */ = {isa = PBXFileReference; lastKnownFileType = wrapper.framework; name = CoreData.framework; path = System/Library/Frameworks/CoreData.framework; sourceTree = SDKROOT; };
		1C9C723725E1D9A300CF802D /* Extensions+Controller.swift */ = {isa = PBXFileReference; lastKnownFileType = sourcecode.swift; path = "Extensions+Controller.swift"; sourceTree = "<group>"; };
		1CCAF2E725DD683A00E9A34E /* HistoryCell.swift */ = {isa = PBXFileReference; lastKnownFileType = sourcecode.swift; path = HistoryCell.swift; sourceTree = "<group>"; };
		1CED296F25D58D370086ED46 /* CustomBar.swift */ = {isa = PBXFileReference; lastKnownFileType = sourcecode.swift; path = CustomBar.swift; sourceTree = "<group>"; };
		1CED297725D5AC4C0086ED46 /* ScanView.swift */ = {isa = PBXFileReference; lastKnownFileType = sourcecode.swift; path = ScanView.swift; sourceTree = "<group>"; };
		1CF331E025E05E76008A43A6 /* MetadataOutput.xcdatamodel */ = {isa = PBXFileReference; lastKnownFileType = wrapper.xcdatamodel; path = MetadataOutput.xcdatamodel; sourceTree = "<group>"; };
		1CF331E525E05FC5008A43A6 /* Extensions+NSDate.swift */ = {isa = PBXFileReference; lastKnownFileType = sourcecode.swift; path = "Extensions+NSDate.swift"; sourceTree = "<group>"; };
/* End PBXFileReference section */

/* Begin PBXFrameworksBuildPhase section */
		1C2DE8BB25C5A45200A528B2 /* Frameworks */ = {
			isa = PBXFrameworksBuildPhase;
			buildActionMask = 2147483647;
			files = (
				1C99428425E05A1900440BDD /* CoreData.framework in Frameworks */,
			);
			runOnlyForDeploymentPostprocessing = 0;
		};
		1C2DE8D425C5A45300A528B2 /* Frameworks */ = {
			isa = PBXFrameworksBuildPhase;
			buildActionMask = 2147483647;
			files = (
			);
			runOnlyForDeploymentPostprocessing = 0;
		};
		1C2DE8DF25C5A45300A528B2 /* Frameworks */ = {
			isa = PBXFrameworksBuildPhase;
			buildActionMask = 2147483647;
			files = (
			);
			runOnlyForDeploymentPostprocessing = 0;
		};
/* End PBXFrameworksBuildPhase section */

/* Begin PBXGroup section */
		1C2DE8B525C5A45200A528B2 = {
			isa = PBXGroup;
			children = (
				1C2DE8C025C5A45200A528B2 /* QR Code Scanner & Barcode Reader */,
				1C2DE8DA25C5A45300A528B2 /* QR Code Scanner & Barcode ReaderTests */,
				1C2DE8E525C5A45300A528B2 /* QR Code Scanner & Barcode ReaderUITests */,
				1C2DE8BF25C5A45200A528B2 /* Products */,
				1C99428225E05A1900440BDD /* Frameworks */,
			);
			sourceTree = "<group>";
		};
		1C2DE8BF25C5A45200A528B2 /* Products */ = {
			isa = PBXGroup;
			children = (
				1C2DE8BE25C5A45200A528B2 /* QR Code Scanner & Barcode Reader.app */,
				1C2DE8D725C5A45300A528B2 /* QR Code Scanner & Barcode ReaderTests.xctest */,
				1C2DE8E225C5A45300A528B2 /* QR Code Scanner & Barcode ReaderUITests.xctest */,
			);
			name = Products;
			sourceTree = "<group>";
		};
		1C2DE8C025C5A45200A528B2 /* QR Code Scanner & Barcode Reader */ = {
			isa = PBXGroup;
			children = (
				1C9C723725E1D9A300CF802D /* Extensions+Controller.swift */,
				1C2DE8F725C5AC0800A528B2 /* Extensions+UIView.swift */,
				1CF331E525E05FC5008A43A6 /* Extensions+NSDate.swift */,
				1C5BFE5925D049AD00C70898 /* View */,
				1C5BFE5825D0499E00C70898 /* Controller */,
				1C2DE8C725C5A45200A528B2 /* Main.storyboard */,
				1C2DE8CF25C5A45300A528B2 /* LaunchScreen.storyboard */,
				1C2DE8C125C5A45200A528B2 /* AppDelegate.swift */,
				1C2DE8C325C5A45200A528B2 /* SceneDelegate.swift */,
				1C2DE8D225C5A45300A528B2 /* Info.plist */,
				1C2DE8CD25C5A45300A528B2 /* Assets.xcassets */,
				1CF331DF25E05E76008A43A6 /* MetadataOutput.xcdatamodeld */,
			);
			path = "QR Code Scanner & Barcode Reader";
			sourceTree = "<group>";
		};
		1C2DE8DA25C5A45300A528B2 /* QR Code Scanner & Barcode ReaderTests */ = {
			isa = PBXGroup;
			children = (
				1C2DE8DB25C5A45300A528B2 /* QR_Code_Scanner___Barcode_ReaderTests.swift */,
				1C2DE8DD25C5A45300A528B2 /* Info.plist */,
			);
			path = "QR Code Scanner & Barcode ReaderTests";
			sourceTree = "<group>";
		};
		1C2DE8E525C5A45300A528B2 /* QR Code Scanner & Barcode ReaderUITests */ = {
			isa = PBXGroup;
			children = (
				1C2DE8E625C5A45300A528B2 /* QR_Code_Scanner___Barcode_ReaderUITests.swift */,
				1C2DE8E825C5A45300A528B2 /* Info.plist */,
			);
			path = "QR Code Scanner & Barcode ReaderUITests";
			sourceTree = "<group>";
		};
		1C5BFE5825D0499E00C70898 /* Controller */ = {
			isa = PBXGroup;
			children = (
				1C2DE8C525C5A45200A528B2 /* QRScannerController.swift */,
				1C5BFE6625D04A5400C70898 /* OutputTextController.swift */,
				1C7B7C8B25D9CF8E00386035 /* HistoryController.swift */,
			);
			path = Controller;
			sourceTree = "<group>";
		};
		1C5BFE5925D049AD00C70898 /* View */ = {
			isa = PBXGroup;
			children = (
				1C5BFE6B25D04ABA00C70898 /* OutputTextView.swift */,
				1CED296F25D58D370086ED46 /* CustomBar.swift */,
				1CED297725D5AC4C0086ED46 /* ScanView.swift */,
				1C7B7C9325D9D09300386035 /* BackButtonHeader.swift */,
				1CCAF2E725DD683A00E9A34E /* HistoryCell.swift */,
			);
			path = View;
			sourceTree = "<group>";
		};
		1C99428225E05A1900440BDD /* Frameworks */ = {
			isa = PBXGroup;
			children = (
				1C99428325E05A1900440BDD /* CoreData.framework */,
			);
			name = Frameworks;
			sourceTree = "<group>";
		};
/* End PBXGroup section */

/* Begin PBXNativeTarget section */
		1C2DE8BD25C5A45200A528B2 /* QR Code Scanner & Barcode Reader */ = {
			isa = PBXNativeTarget;
			buildConfigurationList = 1C2DE8EB25C5A45300A528B2 /* Build configuration list for PBXNativeTarget "QR Code Scanner & Barcode Reader" */;
			buildPhases = (
				1C2DE8BA25C5A45200A528B2 /* Sources */,
				1C2DE8BB25C5A45200A528B2 /* Frameworks */,
				1C2DE8BC25C5A45200A528B2 /* Resources */,
			);
			buildRules = (
			);
			dependencies = (
			);
			name = "QR Code Scanner & Barcode Reader";
			productName = "QR Code Scanner & Barcode Reader";
			productReference = 1C2DE8BE25C5A45200A528B2 /* QR Code Scanner & Barcode Reader.app */;
			productType = "com.apple.product-type.application";
		};
		1C2DE8D625C5A45300A528B2 /* QR Code Scanner & Barcode ReaderTests */ = {
			isa = PBXNativeTarget;
			buildConfigurationList = 1C2DE8EE25C5A45300A528B2 /* Build configuration list for PBXNativeTarget "QR Code Scanner & Barcode ReaderTests" */;
			buildPhases = (
				1C2DE8D325C5A45300A528B2 /* Sources */,
				1C2DE8D425C5A45300A528B2 /* Frameworks */,
				1C2DE8D525C5A45300A528B2 /* Resources */,
			);
			buildRules = (
			);
			dependencies = (
				1C2DE8D925C5A45300A528B2 /* PBXTargetDependency */,
			);
			name = "QR Code Scanner & Barcode ReaderTests";
			productName = "QR Code Scanner & Barcode ReaderTests";
			productReference = 1C2DE8D725C5A45300A528B2 /* QR Code Scanner & Barcode ReaderTests.xctest */;
			productType = "com.apple.product-type.bundle.unit-test";
		};
		1C2DE8E125C5A45300A528B2 /* QR Code Scanner & Barcode ReaderUITests */ = {
			isa = PBXNativeTarget;
			buildConfigurationList = 1C2DE8F125C5A45300A528B2 /* Build configuration list for PBXNativeTarget "QR Code Scanner & Barcode ReaderUITests" */;
			buildPhases = (
				1C2DE8DE25C5A45300A528B2 /* Sources */,
				1C2DE8DF25C5A45300A528B2 /* Frameworks */,
				1C2DE8E025C5A45300A528B2 /* Resources */,
			);
			buildRules = (
			);
			dependencies = (
				1C2DE8E425C5A45300A528B2 /* PBXTargetDependency */,
			);
			name = "QR Code Scanner & Barcode ReaderUITests";
			productName = "QR Code Scanner & Barcode ReaderUITests";
			productReference = 1C2DE8E225C5A45300A528B2 /* QR Code Scanner & Barcode ReaderUITests.xctest */;
			productType = "com.apple.product-type.bundle.ui-testing";
		};
/* End PBXNativeTarget section */

/* Begin PBXProject section */
		1C2DE8B625C5A45200A528B2 /* Project object */ = {
			isa = PBXProject;
			attributes = {
				LastSwiftUpdateCheck = 1210;
				LastUpgradeCheck = 1210;
				TargetAttributes = {
					1C2DE8BD25C5A45200A528B2 = {
						CreatedOnToolsVersion = 12.1.1;
					};
					1C2DE8D625C5A45300A528B2 = {
						CreatedOnToolsVersion = 12.1.1;
						TestTargetID = 1C2DE8BD25C5A45200A528B2;
					};
					1C2DE8E125C5A45300A528B2 = {
						CreatedOnToolsVersion = 12.1.1;
						TestTargetID = 1C2DE8BD25C5A45200A528B2;
					};
				};
			};
			buildConfigurationList = 1C2DE8B925C5A45200A528B2 /* Build configuration list for PBXProject "QR Code Scanner & Barcode Reader" */;
			compatibilityVersion = "Xcode 9.3";
			developmentRegion = en;
			hasScannedForEncodings = 0;
			knownRegions = (
				en,
				Base,
			);
			mainGroup = 1C2DE8B525C5A45200A528B2;
			productRefGroup = 1C2DE8BF25C5A45200A528B2 /* Products */;
			projectDirPath = "";
			projectRoot = "";
			targets = (
				1C2DE8BD25C5A45200A528B2 /* QR Code Scanner & Barcode Reader */,
				1C2DE8D625C5A45300A528B2 /* QR Code Scanner & Barcode ReaderTests */,
				1C2DE8E125C5A45300A528B2 /* QR Code Scanner & Barcode ReaderUITests */,
			);
		};
/* End PBXProject section */

/* Begin PBXResourcesBuildPhase section */
		1C2DE8BC25C5A45200A528B2 /* Resources */ = {
			isa = PBXResourcesBuildPhase;
			buildActionMask = 2147483647;
			files = (
				1C2DE8D125C5A45300A528B2 /* LaunchScreen.storyboard in Resources */,
				1C2DE8CE25C5A45300A528B2 /* Assets.xcassets in Resources */,
				1C2DE8C925C5A45200A528B2 /* Main.storyboard in Resources */,
			);
			runOnlyForDeploymentPostprocessing = 0;
		};
		1C2DE8D525C5A45300A528B2 /* Resources */ = {
			isa = PBXResourcesBuildPhase;
			buildActionMask = 2147483647;
			files = (
			);
			runOnlyForDeploymentPostprocessing = 0;
		};
		1C2DE8E025C5A45300A528B2 /* Resources */ = {
			isa = PBXResourcesBuildPhase;
			buildActionMask = 2147483647;
			files = (
			);
			runOnlyForDeploymentPostprocessing = 0;
		};
/* End PBXResourcesBuildPhase section */

/* Begin PBXSourcesBuildPhase section */
		1C2DE8BA25C5A45200A528B2 /* Sources */ = {
			isa = PBXSourcesBuildPhase;
			buildActionMask = 2147483647;
			files = (
				1CED297025D58D370086ED46 /* CustomBar.swift in Sources */,
				1C5BFE6C25D04ABA00C70898 /* OutputTextView.swift in Sources */,
				1C7B7C9425D9D09300386035 /* BackButtonHeader.swift in Sources */,
				1C2DE8F825C5AC0800A528B2 /* Extensions+UIView.swift in Sources */,
				1C2DE8C625C5A45200A528B2 /* QRScannerController.swift in Sources */,
				1CF331E125E05E76008A43A6 /* MetadataOutput.xcdatamodeld in Sources */,
				1C2DE8C225C5A45200A528B2 /* AppDelegate.swift in Sources */,
				1C9C723825E1D9A300CF802D /* Extensions+Controller.swift in Sources */,
				1CCAF2E825DD683A00E9A34E /* HistoryCell.swift in Sources */,
				1CF331E625E05FC5008A43A6 /* Extensions+NSDate.swift in Sources */,
				1CED297825D5AC4C0086ED46 /* ScanView.swift in Sources */,
				1C7B7C8C25D9CF8E00386035 /* HistoryController.swift in Sources */,
				1C2DE8C425C5A45200A528B2 /* SceneDelegate.swift in Sources */,
				1C5BFE6725D04A5400C70898 /* OutputTextController.swift in Sources */,
			);
			runOnlyForDeploymentPostprocessing = 0;
		};
		1C2DE8D325C5A45300A528B2 /* Sources */ = {
			isa = PBXSourcesBuildPhase;
			buildActionMask = 2147483647;
			files = (
				1C2DE8DC25C5A45300A528B2 /* QR_Code_Scanner___Barcode_ReaderTests.swift in Sources */,
			);
			runOnlyForDeploymentPostprocessing = 0;
		};
		1C2DE8DE25C5A45300A528B2 /* Sources */ = {
			isa = PBXSourcesBuildPhase;
			buildActionMask = 2147483647;
			files = (
				1C2DE8E725C5A45300A528B2 /* QR_Code_Scanner___Barcode_ReaderUITests.swift in Sources */,
			);
			runOnlyForDeploymentPostprocessing = 0;
		};
/* End PBXSourcesBuildPhase section */

/* Begin PBXTargetDependency section */
		1C2DE8D925C5A45300A528B2 /* PBXTargetDependency */ = {
			isa = PBXTargetDependency;
			target = 1C2DE8BD25C5A45200A528B2 /* QR Code Scanner & Barcode Reader */;
			targetProxy = 1C2DE8D825C5A45300A528B2 /* PBXContainerItemProxy */;
		};
		1C2DE8E425C5A45300A528B2 /* PBXTargetDependency */ = {
			isa = PBXTargetDependency;
			target = 1C2DE8BD25C5A45200A528B2 /* QR Code Scanner & Barcode Reader */;
			targetProxy = 1C2DE8E325C5A45300A528B2 /* PBXContainerItemProxy */;
		};
/* End PBXTargetDependency section */

/* Begin PBXVariantGroup section */
		1C2DE8C725C5A45200A528B2 /* Main.storyboard */ = {
			isa = PBXVariantGroup;
			children = (
				1C2DE8C825C5A45200A528B2 /* Base */,
			);
			name = Main.storyboard;
			sourceTree = "<group>";
		};
		1C2DE8CF25C5A45300A528B2 /* LaunchScreen.storyboard */ = {
			isa = PBXVariantGroup;
			children = (
				1C2DE8D025C5A45300A528B2 /* Base */,
			);
			name = LaunchScreen.storyboard;
			sourceTree = "<group>";
		};
/* End PBXVariantGroup section */

/* Begin XCBuildConfiguration section */
		1C2DE8E925C5A45300A528B2 /* Debug */ = {
			isa = XCBuildConfiguration;
			buildSettings = {
				ALWAYS_SEARCH_USER_PATHS = NO;
				CLANG_ANALYZER_NONNULL = YES;
				CLANG_ANALYZER_NUMBER_OBJECT_CONVERSION = YES_AGGRESSIVE;
				CLANG_CXX_LANGUAGE_STANDARD = "gnu++14";
				CLANG_CXX_LIBRARY = "libc++";
				CLANG_ENABLE_MODULES = YES;
				CLANG_ENABLE_OBJC_ARC = YES;
				CLANG_ENABLE_OBJC_WEAK = YES;
				CLANG_WARN_BLOCK_CAPTURE_AUTORELEASING = YES;
				CLANG_WARN_BOOL_CONVERSION = YES;
				CLANG_WARN_COMMA = YES;
				CLANG_WARN_CONSTANT_CONVERSION = YES;
				CLANG_WARN_DEPRECATED_OBJC_IMPLEMENTATIONS = YES;
				CLANG_WARN_DIRECT_OBJC_ISA_USAGE = YES_ERROR;
				CLANG_WARN_DOCUMENTATION_COMMENTS = YES;
				CLANG_WARN_EMPTY_BODY = YES;
				CLANG_WARN_ENUM_CONVERSION = YES;
				CLANG_WARN_INFINITE_RECURSION = YES;
				CLANG_WARN_INT_CONVERSION = YES;
				CLANG_WARN_NON_LITERAL_NULL_CONVERSION = YES;
				CLANG_WARN_OBJC_IMPLICIT_RETAIN_SELF = YES;
				CLANG_WARN_OBJC_LITERAL_CONVERSION = YES;
				CLANG_WARN_OBJC_ROOT_CLASS = YES_ERROR;
				CLANG_WARN_QUOTED_INCLUDE_IN_FRAMEWORK_HEADER = YES;
				CLANG_WARN_RANGE_LOOP_ANALYSIS = YES;
				CLANG_WARN_STRICT_PROTOTYPES = YES;
				CLANG_WARN_SUSPICIOUS_MOVE = YES;
				CLANG_WARN_UNGUARDED_AVAILABILITY = YES_AGGRESSIVE;
				CLANG_WARN_UNREACHABLE_CODE = YES;
				CLANG_WARN__DUPLICATE_METHOD_MATCH = YES;
				CODE_SIGN_IDENTITY = "Apple Development";
				COPY_PHASE_STRIP = NO;
				DEBUG_INFORMATION_FORMAT = dwarf;
				ENABLE_STRICT_OBJC_MSGSEND = YES;
				ENABLE_TESTABILITY = YES;
				GCC_C_LANGUAGE_STANDARD = gnu11;
				GCC_DYNAMIC_NO_PIC = NO;
				GCC_NO_COMMON_BLOCKS = YES;
				GCC_OPTIMIZATION_LEVEL = 0;
				GCC_PREPROCESSOR_DEFINITIONS = (
					"DEBUG=1",
					"$(inherited)",
				);
				GCC_WARN_64_TO_32_BIT_CONVERSION = YES;
				GCC_WARN_ABOUT_RETURN_TYPE = YES_ERROR;
				GCC_WARN_UNDECLARED_SELECTOR = YES;
				GCC_WARN_UNINITIALIZED_AUTOS = YES_AGGRESSIVE;
				GCC_WARN_UNUSED_FUNCTION = YES;
				GCC_WARN_UNUSED_VARIABLE = YES;
				IPHONEOS_DEPLOYMENT_TARGET = 14.2;
				MTL_ENABLE_DEBUG_INFO = INCLUDE_SOURCE;
				MTL_FAST_MATH = YES;
				ONLY_ACTIVE_ARCH = YES;
				SDKROOT = iphoneos;
				SWIFT_ACTIVE_COMPILATION_CONDITIONS = DEBUG;
				SWIFT_OPTIMIZATION_LEVEL = "-Onone";
			};
			name = Debug;
		};
		1C2DE8EA25C5A45300A528B2 /* Release */ = {
			isa = XCBuildConfiguration;
			buildSettings = {
				ALWAYS_SEARCH_USER_PATHS = NO;
				CLANG_ANALYZER_NONNULL = YES;
				CLANG_ANALYZER_NUMBER_OBJECT_CONVERSION = YES_AGGRESSIVE;
				CLANG_CXX_LANGUAGE_STANDARD = "gnu++14";
				CLANG_CXX_LIBRARY = "libc++";
				CLANG_ENABLE_MODULES = YES;
				CLANG_ENABLE_OBJC_ARC = YES;
				CLANG_ENABLE_OBJC_WEAK = YES;
				CLANG_WARN_BLOCK_CAPTURE_AUTORELEASING = YES;
				CLANG_WARN_BOOL_CONVERSION = YES;
				CLANG_WARN_COMMA = YES;
				CLANG_WARN_CONSTANT_CONVERSION = YES;
				CLANG_WARN_DEPRECATED_OBJC_IMPLEMENTATIONS = YES;
				CLANG_WARN_DIRECT_OBJC_ISA_USAGE = YES_ERROR;
				CLANG_WARN_DOCUMENTATION_COMMENTS = YES;
				CLANG_WARN_EMPTY_BODY = YES;
				CLANG_WARN_ENUM_CONVERSION = YES;
				CLANG_WARN_INFINITE_RECURSION = YES;
				CLANG_WARN_INT_CONVERSION = YES;
				CLANG_WARN_NON_LITERAL_NULL_CONVERSION = YES;
				CLANG_WARN_OBJC_IMPLICIT_RETAIN_SELF = YES;
				CLANG_WARN_OBJC_LITERAL_CONVERSION = YES;
				CLANG_WARN_OBJC_ROOT_CLASS = YES_ERROR;
				CLANG_WARN_QUOTED_INCLUDE_IN_FRAMEWORK_HEADER = YES;
				CLANG_WARN_RANGE_LOOP_ANALYSIS = YES;
				CLANG_WARN_STRICT_PROTOTYPES = YES;
				CLANG_WARN_SUSPICIOUS_MOVE = YES;
				CLANG_WARN_UNGUARDED_AVAILABILITY = YES_AGGRESSIVE;
				CLANG_WARN_UNREACHABLE_CODE = YES;
				CLANG_WARN__DUPLICATE_METHOD_MATCH = YES;
				CODE_SIGN_IDENTITY = "Apple Development";
				COPY_PHASE_STRIP = NO;
				DEBUG_INFORMATION_FORMAT = "dwarf-with-dsym";
				ENABLE_NS_ASSERTIONS = NO;
				ENABLE_STRICT_OBJC_MSGSEND = YES;
				GCC_C_LANGUAGE_STANDARD = gnu11;
				GCC_NO_COMMON_BLOCKS = YES;
				GCC_WARN_64_TO_32_BIT_CONVERSION = YES;
				GCC_WARN_ABOUT_RETURN_TYPE = YES_ERROR;
				GCC_WARN_UNDECLARED_SELECTOR = YES;
				GCC_WARN_UNINITIALIZED_AUTOS = YES_AGGRESSIVE;
				GCC_WARN_UNUSED_FUNCTION = YES;
				GCC_WARN_UNUSED_VARIABLE = YES;
				IPHONEOS_DEPLOYMENT_TARGET = 14.2;
				MTL_ENABLE_DEBUG_INFO = NO;
				MTL_FAST_MATH = YES;
				SDKROOT = iphoneos;
				SWIFT_COMPILATION_MODE = wholemodule;
				SWIFT_OPTIMIZATION_LEVEL = "-O";
				VALIDATE_PRODUCT = YES;
			};
			name = Release;
		};
		1C2DE8EC25C5A45300A528B2 /* Debug */ = {
			isa = XCBuildConfiguration;
			buildSettings = {
				ASSETCATALOG_COMPILER_APPICON_NAME = AppIcon;
				ASSETCATALOG_COMPILER_GLOBAL_ACCENT_COLOR_NAME = AccentColor;
				CODE_SIGN_IDENTITY = "Apple Development";
				CODE_SIGN_STYLE = Automatic;
				DEVELOPMENT_TEAM = X8F92F5YZ5;
				INFOPLIST_FILE = "QR Code Scanner & Barcode Reader/Info.plist";
				LD_RUNPATH_SEARCH_PATHS = (
					"$(inherited)",
					"@executable_path/Frameworks",
				);
				PRODUCT_BUNDLE_IDENTIFIER = "YamanBoztepe.QR-Code-Scanner---Barcode-Reader";
				PRODUCT_NAME = "$(TARGET_NAME)";
				SWIFT_VERSION = 5.0;
				TARGETED_DEVICE_FAMILY = "1,2";
			};
			name = Debug;
		};
		1C2DE8ED25C5A45300A528B2 /* Release */ = {
			isa = XCBuildConfiguration;
			buildSettings = {
				ASSETCATALOG_COMPILER_APPICON_NAME = AppIcon;
				ASSETCATALOG_COMPILER_GLOBAL_ACCENT_COLOR_NAME = AccentColor;
				CODE_SIGN_IDENTITY = "Apple Development";
				CODE_SIGN_STYLE = Automatic;
				DEVELOPMENT_TEAM = X8F92F5YZ5;
				INFOPLIST_FILE = "QR Code Scanner & Barcode Reader/Info.plist";
				LD_RUNPATH_SEARCH_PATHS = (
					"$(inherited)",
					"@executable_path/Frameworks",
				);
				PRODUCT_BUNDLE_IDENTIFIER = "YamanBoztepe.QR-Code-Scanner---Barcode-Reader";
				PRODUCT_NAME = "$(TARGET_NAME)";
				SWIFT_VERSION = 5.0;
				TARGETED_DEVICE_FAMILY = "1,2";
			};
			name = Release;
		};
		1C2DE8EF25C5A45300A528B2 /* Debug */ = {
			isa = XCBuildConfiguration;
			buildSettings = {
				ALWAYS_EMBED_SWIFT_STANDARD_LIBRARIES = YES;
				BUNDLE_LOADER = "$(TEST_HOST)";
				CODE_SIGN_STYLE = Automatic;
				DEVELOPMENT_TEAM = X8F92F5YZ5;
				INFOPLIST_FILE = "QR Code Scanner & Barcode ReaderTests/Info.plist";
				IPHONEOS_DEPLOYMENT_TARGET = 14.2;
				LD_RUNPATH_SEARCH_PATHS = (
					"$(inherited)",
					"@executable_path/Frameworks",
					"@loader_path/Frameworks",
				);
				PRODUCT_BUNDLE_IDENTIFIER = "YamanBoztepe.QR-Code-Scanner---Barcode-ReaderTests";
				PRODUCT_NAME = "$(TARGET_NAME)";
				SWIFT_VERSION = 5.0;
				TARGETED_DEVICE_FAMILY = "1,2";
				TEST_HOST = "$(BUILT_PRODUCTS_DIR)/QR Code Scanner & Barcode Reader.app/QR Code Scanner & Barcode Reader";
			};
			name = Debug;
		};
		1C2DE8F025C5A45300A528B2 /* Release */ = {
			isa = XCBuildConfiguration;
			buildSettings = {
				ALWAYS_EMBED_SWIFT_STANDARD_LIBRARIES = YES;
				BUNDLE_LOADER = "$(TEST_HOST)";
				CODE_SIGN_STYLE = Automatic;
				DEVELOPMENT_TEAM = X8F92F5YZ5;
				INFOPLIST_FILE = "QR Code Scanner & Barcode ReaderTests/Info.plist";
				IPHONEOS_DEPLOYMENT_TARGET = 14.2;
				LD_RUNPATH_SEARCH_PATHS = (
					"$(inherited)",
					"@executable_path/Frameworks",
					"@loader_path/Frameworks",
				);
				PRODUCT_BUNDLE_IDENTIFIER = "YamanBoztepe.QR-Code-Scanner---Barcode-ReaderTests";
				PRODUCT_NAME = "$(TARGET_NAME)";
				SWIFT_VERSION = 5.0;
				TARGETED_DEVICE_FAMILY = "1,2";
				TEST_HOST = "$(BUILT_PRODUCTS_DIR)/QR Code Scanner & Barcode Reader.app/QR Code Scanner & Barcode Reader";
			};
			name = Release;
		};
		1C2DE8F225C5A45300A528B2 /* Debug */ = {
			isa = XCBuildConfiguration;
			buildSettings = {
				ALWAYS_EMBED_SWIFT_STANDARD_LIBRARIES = YES;
				CODE_SIGN_STYLE = Automatic;
				DEVELOPMENT_TEAM = X8F92F5YZ5;
				INFOPLIST_FILE = "QR Code Scanner & Barcode ReaderUITests/Info.plist";
				LD_RUNPATH_SEARCH_PATHS = (
					"$(inherited)",
					"@executable_path/Frameworks",
					"@loader_path/Frameworks",
				);
				PRODUCT_BUNDLE_IDENTIFIER = "YamanBoztepe.QR-Code-Scanner---Barcode-ReaderUITests";
				PRODUCT_NAME = "$(TARGET_NAME)";
				SWIFT_VERSION = 5.0;
				TARGETED_DEVICE_FAMILY = "1,2";
				TEST_TARGET_NAME = "QR Code Scanner & Barcode Reader";
			};
			name = Debug;
		};
		1C2DE8F325C5A45300A528B2 /* Release */ = {
			isa = XCBuildConfiguration;
			buildSettings = {
				ALWAYS_EMBED_SWIFT_STANDARD_LIBRARIES = YES;
				CODE_SIGN_STYLE = Automatic;
				DEVELOPMENT_TEAM = X8F92F5YZ5;
				INFOPLIST_FILE = "QR Code Scanner & Barcode ReaderUITests/Info.plist";
				LD_RUNPATH_SEARCH_PATHS = (
					"$(inherited)",
					"@executable_path/Frameworks",
					"@loader_path/Frameworks",
				);
				PRODUCT_BUNDLE_IDENTIFIER = "YamanBoztepe.QR-Code-Scanner---Barcode-ReaderUITests";
				PRODUCT_NAME = "$(TARGET_NAME)";
				SWIFT_VERSION = 5.0;
				TARGETED_DEVICE_FAMILY = "1,2";
				TEST_TARGET_NAME = "QR Code Scanner & Barcode Reader";
			};
			name = Release;
		};
/* End XCBuildConfiguration section */

/* Begin XCConfigurationList section */
		1C2DE8B925C5A45200A528B2 /* Build configuration list for PBXProject "QR Code Scanner & Barcode Reader" */ = {
			isa = XCConfigurationList;
			buildConfigurations = (
				1C2DE8E925C5A45300A528B2 /* Debug */,
				1C2DE8EA25C5A45300A528B2 /* Release */,
			);
			defaultConfigurationIsVisible = 0;
			defaultConfigurationName = Release;
		};
		1C2DE8EB25C5A45300A528B2 /* Build configuration list for PBXNativeTarget "QR Code Scanner & Barcode Reader" */ = {
			isa = XCConfigurationList;
			buildConfigurations = (
				1C2DE8EC25C5A45300A528B2 /* Debug */,
				1C2DE8ED25C5A45300A528B2 /* Release */,
			);
			defaultConfigurationIsVisible = 0;
			defaultConfigurationName = Release;
		};
		1C2DE8EE25C5A45300A528B2 /* Build configuration list for PBXNativeTarget "QR Code Scanner & Barcode ReaderTests" */ = {
			isa = XCConfigurationList;
			buildConfigurations = (
				1C2DE8EF25C5A45300A528B2 /* Debug */,
				1C2DE8F025C5A45300A528B2 /* Release */,
			);
			defaultConfigurationIsVisible = 0;
			defaultConfigurationName = Release;
		};
		1C2DE8F125C5A45300A528B2 /* Build configuration list for PBXNativeTarget "QR Code Scanner & Barcode ReaderUITests" */ = {
			isa = XCConfigurationList;
			buildConfigurations = (
				1C2DE8F225C5A45300A528B2 /* Debug */,
				1C2DE8F325C5A45300A528B2 /* Release */,
			);
			defaultConfigurationIsVisible = 0;
			defaultConfigurationName = Release;
		};
/* End XCConfigurationList section */

/* Begin XCVersionGroup section */
		1CF331DF25E05E76008A43A6 /* MetadataOutput.xcdatamodeld */ = {
			isa = XCVersionGroup;
			children = (
				1CF331E025E05E76008A43A6 /* MetadataOutput.xcdatamodel */,
			);
			currentVersion = 1CF331E025E05E76008A43A6 /* MetadataOutput.xcdatamodel */;
			path = MetadataOutput.xcdatamodeld;
			sourceTree = "<group>";
			versionGroupType = wrapper.xcdatamodel;
		};
/* End XCVersionGroup section */
	};
	rootObject = 1C2DE8B625C5A45200A528B2 /* Project object */;
}
